<?xml version="1.0" encoding="UTF-8"?>
<CONFIG>
  <ProjectOptions>
    <Version Value="9"/>
    <PathDelim Value="\"/>
    <General>
      <SessionStorage Value="InProjectDir"/>
      <MainUnit Value="0"/>
      <Title Value="EscapeRoom"/>
      <ResourceType Value="res"/>
      <UseXPManifest Value="True"/>
      <Icon Value="0"/>
    </General>
    <i18n>
      <EnableI18N LFM="False"/>
    </i18n>
    <VersionInfo>
      <StringTable ProductVersion=""/>
    </VersionInfo>
    <BuildModes Count="1">
      <Item1 Name="Default" Default="True"/>
    </BuildModes>
    <PublishOptions>
      <Version Value="2"/>
    </PublishOptions>
    <RunParams>
      <local>
        <FormatVersion Value="1"/>
      </local>
    </RunParams>
    <RequiredPackages Count="1">
      <Item1>
        <PackageName Value="LCL"/>
      </Item1>
    </RequiredPackages>
    <Units Count="17">
      <Unit0>
        <Filename Value="EscapeRoom.lpr"/>
        <IsPartOfProject Value="True"/>
      </Unit0>
      <Unit1>
        <Filename Value="mainform.pas"/>
        <IsPartOfProject Value="True"/>
        <ComponentName Value="Form1"/>
        <HasResources Value="True"/>
        <ResourceBaseClass Value="Form"/>
        <UnitName Value="MainForm"/>
      </Unit1>
      <Unit2>
        <Filename Value="gameengine.pas"/>
        <IsPartOfProject Value="True"/>
        <UnitName Value="GameEngine"/>
      </Unit2>
      <Unit3>
        <Filename Value="leveldesign.pas"/>
        <IsPartOfProject Value="True"/>
        <UnitName Value="LevelDesign"/>
      </Unit3>
      <Unit4>
        <Filename Value="levelutils.pas"/>
        <IsPartOfProject Value="True"/>
        <UnitName Value="LevelUtils"/>
      </Unit4>
      <Unit5>
        <Filename Value="objectives.pas"/>
        <IsPartOfProject Value="True"/>
        <UnitName Value="Objectives"/>
      </Unit5>
      <Unit6>
        <Filename Value="specialexits.pas"/>
        <IsPartOfProject Value="True"/>
        <UnitName Value="SpecialExits"/>
      </Unit6>
      <Unit7>
        <Filename Value="gamecomposition.pas"/>
        <IsPartOfProject Value="True"/>
        <UnitName Value="GameComposition"/>
      </Unit7>
      <Unit8>
        <Filename Value="menucomposition.pas"/>
        <IsPartOfProject Value="True"/>
        <UnitName Value="MenuComposition"/>
      </Unit8>
      <Unit9>
        <Filename Value="introcomposition.pas"/>
        <IsPartOfProject Value="True"/>
        <UnitName Value="IntroComposition"/>
      </Unit9>
      <Unit10>
        <Filename Value="gameeffectutils.pas"/>
        <IsPartOfProject Value="True"/>
        <UnitName Value="GameEffectUtils"/>
      </Unit10>
      <Unit11>
        <Filename Value="storyboard.pas"/>
        <IsPartOfProject Value="True"/>
        <UnitName Value="Storyboard"/>
      </Unit11>
      <Unit12>
        <Filename Value="drawableuielements.pas"/>
        <IsPartOfProject Value="True"/>
        <UnitName Value="DrawableUiElements"/>
      </Unit12>
      <Unit13>
        <Filename Value="tutoriallevel.pas"/>
        <IsPartOfProject Value="True"/>
        <UnitName Value="TutorialLevel"/>
      </Unit13>
      <Unit14>
        <Filename Value="charactersoldier.pas"/>
        <IsPartOfProject Value="True"/>
        <UnitName Value="CharacterSoldier"/>
      </Unit14>
      <Unit15>
        <Filename Value="headupdisplay.pas"/>
        <IsPartOfProject Value="True"/>
        <UnitName Value="HeadUpDisplay"/>
      </Unit15>
      <Unit16>
        <Filename Value="deadcomposition.pas"/>
        <IsPartOfProject Value="True"/>
        <UnitName Value="DeadComposition"/>
      </Unit16>
    </Units>
  </ProjectOptions>
  <CompilerOptions>
    <Version Value="11"/>
    <PathDelim Value="\"/>
    <Target>
      <Filename Value="EscapeRoom"/>
    </Target>
    <SearchPaths>
      <IncludeFiles Value="$(ProjOutDir)"/>
      <OtherUnitFiles Value="..\libraries\bgrabitmap9.1"/>
      <UnitOutputDirectory Value="lib\$(TargetCPU)-$(TargetOS)"/>
    </SearchPaths>
    <Linking>
      <Options>
        <Win32>
          <GraphicApplication Value="True"/>
        </Win32>
      </Options>
    </Linking>
  </CompilerOptions>
  <Debugging>
    <Exceptions Count="3">
      <Item1>
        <Name Value="EAbort"/>
      </Item1>
      <Item2>
        <Name Value="ECodetoolError"/>
      </Item2>
      <Item3>
        <Name Value="EFOpenError"/>
      </Item3>
    </Exceptions>
  </Debugging>
</CONFIG>
